PODS:
  - Alamofire (3.4.1)
  - SVProgressHUD (2.0.3)

DEPENDENCIES:
  - Alamofire (~> 3.4)
  - SVProgressHUD

SPEC CHECKSUMS:
  Alamofire: 01a82e2f6c0f860ade35534c8dd88be61bdef40c
  SVProgressHUD: b0830714205bea1317ea1a2ebc71e5633af334d4

PODFILE CHECKSUM: 6f60222a50ad90c086ff8360fc4aa6a75eb8db27

COCOAPODS: 1.0.1
